
Microsoft Visual Studio Solution File, Format Version 12.00
# Visual Studio Version 16
VisualStudioVersion = 25.0.1705.4
MinimumVisualStudioVersion = 10.0.40219.1
Project("{FAE04EC0-301F-11D3-BF4B-00C04F79EFBC}") = "EcommerceAPI", "EcommerceAPI\EcommerceAPI.csproj", "{DC7E9585-F95C-48C8-92C8-D4A847E4D93C}"
EndProject
Global
	GlobalSection(SolutionConfigurationPlatforms) = preSolution
		Debug|Any CPU = Debug|Any CPU
		Release|Any CPU = Release|Any CPU
	EndGlobalSection
	GlobalSection(ProjectConfigurationPlatforms) = postSolution
		{DC7E9585-F95C-48C8-92C8-D4A847E4D93C}.Debug|Any CPU.ActiveCfg = Debug|Any CPU
		{DC7E9585-F95C-48C8-92C8-D4A847E4D93C}.Debug|Any CPU.Build.0 = Debug|Any CPU
		{DC7E9585-F95C-48C8-92C8-D4A847E4D93C}.Release|Any CPU.ActiveCfg = Release|Any CPU
		{DC7E9585-F95C-48C8-92C8-D4A847E4D93C}.Release|Any CPU.Build.0 = Release|Any CPU
	EndGlobalSection
	GlobalSection(SolutionProperties) = preSolution
		HideSolutionNode = FALSE
	EndGlobalSection
	GlobalSection(ExtensibilityGlobals) = postSolution
		SolutionGuid = {F76FDC7C-C412-47DB-8686-217E49CA7EBB}
	EndGlobalSection
EndGlobal
